
Microsoft Visual Studio Solution File, Format Version 11.00
# Visual Studio 2010
Project("{8BC9CEB8-8B4A-11D0-8D11-00A0C91BC942}") = "GscScriptHook", "GscScriptHook\GscScriptHook.vcxproj", "{9C74CEBD-A0E1-4835-8BC5-1D779DC63BE8}"
EndProject
Project("{2150E333-8FDC-42A3-9474-1A3956D46DE8}") = "Solution Items", "Solution Items", "{9B0BC705-30DB-4A39-9DD8-37C893FB6699}"
EndProject
Global
	GlobalSection(SolutionConfigurationPlatforms) = preSolution
		CodeAnalysis|Xbox 360 = CodeAnalysis|Xbox 360
		Debug|Xbox 360 = Debug|Xbox 360
		Profile_FastCap|Xbox 360 = Profile_FastCap|Xbox 360
		Profile|Xbox 360 = Profile|Xbox 360
		Release_LTCG|Xbox 360 = Release_LTCG|Xbox 360
		Release|Xbox 360 = Release|Xbox 360
	EndGlobalSection
	GlobalSection(ProjectConfigurationPlatforms) = postSolution
		{9C74CEBD-A0E1-4835-8BC5-1D779DC63BE8}.CodeAnalysis|Xbox 360.ActiveCfg = CodeAnalysis|Xbox 360
		{9C74CEBD-A0E1-4835-8BC5-1D779DC63BE8}.CodeAnalysis|Xbox 360.Build.0 = CodeAnalysis|Xbox 360
		{9C74CEBD-A0E1-4835-8BC5-1D779DC63BE8}.Debug|Xbox 360.ActiveCfg = Debug|Xbox 360
		{9C74CEBD-A0E1-4835-8BC5-1D779DC63BE8}.Debug|Xbox 360.Build.0 = Debug|Xbox 360
		{9C74CEBD-A0E1-4835-8BC5-1D779DC63BE8}.Profile_FastCap|Xbox 360.ActiveCfg = Profile_FastCap|Xbox 360
		{9C74CEBD-A0E1-4835-8BC5-1D779DC63BE8}.Profile_FastCap|Xbox 360.Build.0 = Profile_FastCap|Xbox 360
		{9C74CEBD-A0E1-4835-8BC5-1D779DC63BE8}.Profile|Xbox 360.ActiveCfg = Profile|Xbox 360
		{9C74CEBD-A0E1-4835-8BC5-1D779DC63BE8}.Profile|Xbox 360.Build.0 = Profile|Xbox 360
		{9C74CEBD-A0E1-4835-8BC5-1D779DC63BE8}.Release_LTCG|Xbox 360.ActiveCfg = Release_LTCG|Xbox 360
		{9C74CEBD-A0E1-4835-8BC5-1D779DC63BE8}.Release_LTCG|Xbox 360.Build.0 = Release_LTCG|Xbox 360
		{9C74CEBD-A0E1-4835-8BC5-1D779DC63BE8}.Release|Xbox 360.ActiveCfg = Release|Xbox 360
		{9C74CEBD-A0E1-4835-8BC5-1D779DC63BE8}.Release|Xbox 360.Build.0 = Release|Xbox 360
	EndGlobalSection
	GlobalSection(SolutionProperties) = preSolution
		HideSolutionNode = FALSE
	EndGlobalSection
EndGlobal
